
Microsoft Visual Studio Solution File, Format Version 12.00
# Visual Studio Version 16
VisualStudioVersion = 16.0.30309.148
MinimumVisualStudioVersion = 10.0.40219.1
Project("{FAE04EC0-301F-11D3-BF4B-00C04F79EFBC}") = "Notes.Android", "Notes\Notes.Android\Notes.Android.csproj", "{79D49F30-E2BB-4864-B39D-415D98E2D3BC}"
EndProject
Project("{FAE04EC0-301F-11D3-BF4B-00C04F79EFBC}") = "Notes", "Notes\Notes\Notes.csproj", "{29F7DB24-8C8C-407D-8BEE-9404B64D6961}"
EndProject
Global
	GlobalSection(SolutionConfigurationPlatforms) = preSolution
		Debug|Any CPU = Debug|Any CPU
		Release|Any CPU = Release|Any CPU
	EndGlobalSection
	GlobalSection(ProjectConfigurationPlatforms) = postSolution
		{79D49F30-E2BB-4864-B39D-415D98E2D3BC}.Debug|Any CPU.ActiveCfg = Debug|Any CPU
		{79D49F30-E2BB-4864-B39D-415D98E2D3BC}.Debug|Any CPU.Build.0 = Debug|Any CPU
		{79D49F30-E2BB-4864-B39D-415D98E2D3BC}.Debug|Any CPU.Deploy.0 = Debug|Any CPU
		{79D49F30-E2BB-4864-B39D-415D98E2D3BC}.Release|Any CPU.ActiveCfg = Release|Any CPU
		{79D49F30-E2BB-4864-B39D-415D98E2D3BC}.Release|Any CPU.Build.0 = Release|Any CPU
		{79D49F30-E2BB-4864-B39D-415D98E2D3BC}.Release|Any CPU.Deploy.0 = Release|Any CPU
		{29F7DB24-8C8C-407D-8BEE-9404B64D6961}.Debug|Any CPU.ActiveCfg = Debug|Any CPU
		{29F7DB24-8C8C-407D-8BEE-9404B64D6961}.Debug|Any CPU.Build.0 = Debug|Any CPU
		{29F7DB24-8C8C-407D-8BEE-9404B64D6961}.Debug|Any CPU.Deploy.0 = Debug|Any CPU
		{29F7DB24-8C8C-407D-8BEE-9404B64D6961}.Release|Any CPU.ActiveCfg = Release|Any CPU
		{29F7DB24-8C8C-407D-8BEE-9404B64D6961}.Release|Any CPU.Build.0 = Release|Any CPU
		{29F7DB24-8C8C-407D-8BEE-9404B64D6961}.Release|Any CPU.Deploy.0 = Release|Any CPU
	EndGlobalSection
	GlobalSection(SolutionProperties) = preSolution
		HideSolutionNode = FALSE
	EndGlobalSection
	GlobalSection(ExtensibilityGlobals) = postSolution
		SolutionGuid = {821CF66C-0D82-4AE6-872E-EBBCADBF6758}
	EndGlobalSection
EndGlobal
